
Microsoft Visual Studio Solution File, Format Version 12.00
# Visual Studio Version 17
VisualStudioVersion = 17.13.35828.75 d17.13
MinimumVisualStudioVersion = 10.0.40219.1
Project("{FAE04EC0-301F-11D3-BF4B-00C04F79EFBC}") = "Backend", "Backend\Backend.csproj", "{5AB346A9-FC20-4303-A715-72BF08A26AB5}"
EndProject
Global
	GlobalSection(SolutionConfigurationPlatforms) = preSolution
		Debug|Any CPU = Debug|Any CPU
		Release|Any CPU = Release|Any CPU
	EndGlobalSection
	GlobalSection(ProjectConfigurationPlatforms) = postSolution
		{5AB346A9-FC20-4303-A715-72BF08A26AB5}.Debug|Any CPU.ActiveCfg = Debug|Any CPU
		{5AB346A9-FC20-4303-A715-72BF08A26AB5}.Debug|Any CPU.Build.0 = Debug|Any CPU
		{5AB346A9-FC20-4303-A715-72BF08A26AB5}.Release|Any CPU.ActiveCfg = Release|Any CPU
		{5AB346A9-FC20-4303-A715-72BF08A26AB5}.Release|Any CPU.Build.0 = Release|Any CPU
	EndGlobalSection
	GlobalSection(SolutionProperties) = preSolution
		HideSolutionNode = FALSE
	EndGlobalSection
	GlobalSection(ExtensibilityGlobals) = postSolution
		SolutionGuid = {25DF5F63-916F-456E-8391-9FD2840F0C35}
	EndGlobalSection
EndGlobal
